// !$*UTF8*$!
{
	archiveVersion = 1;
	classes = {
	};
	objectVersion = 55;
	objects = {

/* Begin PBXBuildFile section */
		0E9898B929AA3A55007CE6C5 /* DreamzyApp.swift in Sources */ = {isa = PBXBuildFile; fileRef = 0E9898B829AA3A55007CE6C5 /* DreamzyApp.swift */; };
		0E9898BB29AA3A55007CE6C5 /* ContentView.swift in Sources */ = {isa = PBXBuildFile; fileRef = 0E9898BA29AA3A55007CE6C5 /* ContentView.swift */; };
		0E9898BD29AA3A57007CE6C5 /* Assets.xcassets in Resources */ = {isa = PBXBuildFile; fileRef = 0E9898BC29AA3A57007CE6C5 /* Assets.xcassets */; };
		0E9898C029AA3A57007CE6C5 /* Preview Assets.xcassets in Resources */ = {isa = PBXBuildFile; fileRef = 0E9898BF29AA3A57007CE6C5 /* Preview Assets.xcassets */; };
		0E9898CA29AA3A57007CE6C5 /* DreamzyTests.swift in Sources */ = {isa = PBXBuildFile; fileRef = 0E9898C929AA3A57007CE6C5 /* DreamzyTests.swift */; };
		0E9898D429AA3A57007CE6C5 /* DreamzyUITests.swift in Sources */ = {isa = PBXBuildFile; fileRef = 0E9898D329AA3A57007CE6C5 /* DreamzyUITests.swift */; };
		0E9898D629AA3A57007CE6C5 /* DreamzyUITestsLaunchTests.swift in Sources */ = {isa = PBXBuildFile; fileRef = 0E9898D529AA3A57007CE6C5 /* DreamzyUITestsLaunchTests.swift */; };
/* End PBXBuildFile section */

/* Begin PBXContainerItemProxy section */
		0E9898C629AA3A57007CE6C5 /* PBXContainerItemProxy */ = {
			isa = PBXContainerItemProxy;
			containerPortal = 0E9898AD29AA3A55007CE6C5 /* Project object */;
			proxyType = 1;
			remoteGlobalIDString = 0E9898B429AA3A55007CE6C5;
			remoteInfo = Dreamzy;
		};
		0E9898D029AA3A57007CE6C5 /* PBXContainerItemProxy */ = {
			isa = PBXContainerItemProxy;
			containerPortal = 0E9898AD29AA3A55007CE6C5 /* Project object */;
			proxyType = 1;
			remoteGlobalIDString = 0E9898B429AA3A55007CE6C5;
			remoteInfo = Dreamzy;
		};
/* End PBXContainerItemProxy section */

/* Begin PBXFileReference section */
		0E9898B529AA3A55007CE6C5 /* Dreamzy.app */ = {isa = PBXFileReference; explicitFileType = wrapper.application; includeInIndex = 0; path = Dreamzy.app; sourceTree = BUILT_PRODUCTS_DIR; };
		0E9898B829AA3A55007CE6C5 /* DreamzyApp.swift */ = {isa = PBXFileReference; lastKnownFileType = sourcecode.swift; path = DreamzyApp.swift; sourceTree = "<group>"; };
		0E9898BA29AA3A55007CE6C5 /* ContentView.swift */ = {isa = PBXFileReference; lastKnownFileType = sourcecode.swift; path = ContentView.swift; sourceTree = "<group>"; };
		0E9898BC29AA3A57007CE6C5 /* Assets.xcassets */ = {isa = PBXFileReference; lastKnownFileType = folder.assetcatalog; path = Assets.xcassets; sourceTree = "<group>"; };
		0E9898BF29AA3A57007CE6C5 /* Preview Assets.xcassets */ = {isa = PBXFileReference; lastKnownFileType = folder.assetcatalog; path = "Preview Assets.xcassets"; sourceTree = "<group>"; };
		0E9898C529AA3A57007CE6C5 /* DreamzyTests.xctest */ = {isa = PBXFileReference; explicitFileType = wrapper.cfbundle; includeInIndex = 0; path = DreamzyTests.xctest; sourceTree = BUILT_PRODUCTS_DIR; };
		0E9898C929AA3A57007CE6C5 /* DreamzyTests.swift */ = {isa = PBXFileReference; lastKnownFileType = sourcecode.swift; path = DreamzyTests.swift; sourceTree = "<group>"; };
		0E9898CF29AA3A57007CE6C5 /* DreamzyUITests.xctest */ = {isa = PBXFileReference; explicitFileType = wrapper.cfbundle; includeInIndex = 0; path = DreamzyUITests.xctest; sourceTree = BUILT_PRODUCTS_DIR; };
		0E9898D329AA3A57007CE6C5 /* DreamzyUITests.swift */ = {isa = PBXFileReference; lastKnownFileType = sourcecode.swift; path = DreamzyUITests.swift; sourceTree = "<group>"; };
		0E9898D529AA3A57007CE6C5 /* DreamzyUITestsLaunchTests.swift */ = {isa = PBXFileReference; lastKnownFileType = sourcecode.swift; path = DreamzyUITestsLaunchTests.swift; sourceTree = "<group>"; };
/* End PBXFileReference section */

/* Begin PBXFrameworksBuildPhase section */
		0E9898B229AA3A55007CE6C5 /* Frameworks */ = {
			isa = PBXFrameworksBuildPhase;
			buildActionMask = 2147483647;
			files = (
			);
			runOnlyForDeploymentPostprocessing = 0;
		};
		0E9898C229AA3A57007CE6C5 /* Frameworks */ = {
			isa = PBXFrameworksBuildPhase;
			buildActionMask = 2147483647;
			files = (
			);
			runOnlyForDeploymentPostprocessing = 0;
		};
		0E9898CC29AA3A57007CE6C5 /* Frameworks */ = {
			isa = PBXFrameworksBuildPhase;
			buildActionMask = 2147483647;
			files = (
			);
			runOnlyForDeploymentPostprocessing = 0;
		};
/* End PBXFrameworksBuildPhase section */

/* Begin PBXGroup section */
		0E9898AC29AA3A55007CE6C5 = {
			isa = PBXGroup;
			children = (
				0E9898B729AA3A55007CE6C5 /* Dreamzy */,
				0E9898C829AA3A57007CE6C5 /* DreamzyTests */,
				0E9898D229AA3A57007CE6C5 /* DreamzyUITests */,
				0E9898B629AA3A55007CE6C5 /* Products */,
			);
			sourceTree = "<group>";
		};
		0E9898B629AA3A55007CE6C5 /* Products */ = {
			isa = PBXGroup;
			children = (
				0E9898B529AA3A55007CE6C5 /* Dreamzy.app */,
				0E9898C529AA3A57007CE6C5 /* DreamzyTests.xctest */,
				0E9898CF29AA3A57007CE6C5 /* DreamzyUITests.xctest */,
			);
			name = Products;
			sourceTree = "<group>";
		};
		0E9898B729AA3A55007CE6C5 /* Dreamzy */ = {
			isa = PBXGroup;
			children = (
				0E9898B829AA3A55007CE6C5 /* DreamzyApp.swift */,
				0E9898BA29AA3A55007CE6C5 /* ContentView.swift */,
				0E9898BC29AA3A57007CE6C5 /* Assets.xcassets */,
				0E9898BE29AA3A57007CE6C5 /* Preview Content */,
			);
			path = Dreamzy;
			sourceTree = "<group>";
		};
		0E9898BE29AA3A57007CE6C5 /* Preview Content */ = {
			isa = PBXGroup;
			children = (
				0E9898BF29AA3A57007CE6C5 /* Preview Assets.xcassets */,
			);
			path = "Preview Content";
			sourceTree = "<group>";
		};
		0E9898C829AA3A57007CE6C5 /* DreamzyTests */ = {
			isa = PBXGroup;
			children = (
				0E9898C929AA3A57007CE6C5 /* DreamzyTests.swift */,
			);
			path = DreamzyTests;
			sourceTree = "<group>";
		};
		0E9898D229AA3A57007CE6C5 /* DreamzyUITests */ = {
			isa = PBXGroup;
			children = (
				0E9898D329AA3A57007CE6C5 /* DreamzyUITests.swift */,
				0E9898D529AA3A57007CE6C5 /* DreamzyUITestsLaunchTests.swift */,
			);
			path = DreamzyUITests;
			sourceTree = "<group>";
		};
/* End PBXGroup section */

/* Begin PBXNativeTarget section */
		0E9898B429AA3A55007CE6C5 /* Dreamzy */ = {
			isa = PBXNativeTarget;
			buildConfigurationList = 0E9898D929AA3A57007CE6C5 /* Build configuration list for PBXNativeTarget "Dreamzy" */;
			buildPhases = (
				0E9898B129AA3A55007CE6C5 /* Sources */,
				0E9898B229AA3A55007CE6C5 /* Frameworks */,
				0E9898B329AA3A55007CE6C5 /* Resources */,
			);
			buildRules = (
			);
			dependencies = (
			);
			name = Dreamzy;
			productName = Dreamzy;
			productReference = 0E9898B529AA3A55007CE6C5 /* Dreamzy.app */;
			productType = "com.apple.product-type.application";
		};
		0E9898C429AA3A57007CE6C5 /* DreamzyTests */ = {
			isa = PBXNativeTarget;
			buildConfigurationList = 0E9898DC29AA3A57007CE6C5 /* Build configuration list for PBXNativeTarget "DreamzyTests" */;
			buildPhases = (
				0E9898C129AA3A57007CE6C5 /* Sources */,
				0E9898C229AA3A57007CE6C5 /* Frameworks */,
				0E9898C329AA3A57007CE6C5 /* Resources */,
			);
			buildRules = (
			);
			dependencies = (
				0E9898C729AA3A57007CE6C5 /* PBXTargetDependency */,
			);
			name = DreamzyTests;
			productName = DreamzyTests;
			productReference = 0E9898C529AA3A57007CE6C5 /* DreamzyTests.xctest */;
			productType = "com.apple.product-type.bundle.unit-test";
		};
		0E9898CE29AA3A57007CE6C5 /* DreamzyUITests */ = {
			isa = PBXNativeTarget;
			buildConfigurationList = 0E9898DF29AA3A57007CE6C5 /* Build configuration list for PBXNativeTarget "DreamzyUITests" */;
			buildPhases = (
				0E9898CB29AA3A57007CE6C5 /* Sources */,
				0E9898CC29AA3A57007CE6C5 /* Frameworks */,
				0E9898CD29AA3A57007CE6C5 /* Resources */,
			);
			buildRules = (
			);
			dependencies = (
				0E9898D129AA3A57007CE6C5 /* PBXTargetDependency */,
			);
			name = DreamzyUITests;
			productName = DreamzyUITests;
			productReference = 0E9898CF29AA3A57007CE6C5 /* DreamzyUITests.xctest */;
			productType = "com.apple.product-type.bundle.ui-testing";
		};
/* End PBXNativeTarget section */

/* Begin PBXProject section */
		0E9898AD29AA3A55007CE6C5 /* Project object */ = {
			isa = PBXProject;
			attributes = {
				BuildIndependentTargetsInParallel = 1;
				LastSwiftUpdateCheck = 1310;
				LastUpgradeCheck = 1310;
				TargetAttributes = {
					0E9898B429AA3A55007CE6C5 = {
						CreatedOnToolsVersion = 13.1;
					};
					0E9898C429AA3A57007CE6C5 = {
						CreatedOnToolsVersion = 13.1;
						TestTargetID = 0E9898B429AA3A55007CE6C5;
					};
					0E9898CE29AA3A57007CE6C5 = {
						CreatedOnToolsVersion = 13.1;
						TestTargetID = 0E9898B429AA3A55007CE6C5;
					};
				};
			};
			buildConfigurationList = 0E9898B029AA3A55007CE6C5 /* Build configuration list for PBXProject "Dreamzy" */;
			compatibilityVersion = "Xcode 13.0";
			developmentRegion = en;
			hasScannedForEncodings = 0;
			knownRegions = (
				en,
				Base,
			);
			mainGroup = 0E9898AC29AA3A55007CE6C5;
			productRefGroup = 0E9898B629AA3A55007CE6C5 /* Products */;
			projectDirPath = "";
			projectRoot = "";
			targets = (
				0E9898B429AA3A55007CE6C5 /* Dreamzy */,
				0E9898C429AA3A57007CE6C5 /* DreamzyTests */,
				0E9898CE29AA3A57007CE6C5 /* DreamzyUITests */,
			);
		};
/* End PBXProject section */

/* Begin PBXResourcesBuildPhase section */
		0E9898B329AA3A55007CE6C5 /* Resources */ = {
			isa = PBXResourcesBuildPhase;
			buildActionMask = 2147483647;
			files = (
				0E9898C029AA3A57007CE6C5 /* Preview Assets.xcassets in Resources */,
				0E9898BD29AA3A57007CE6C5 /* Assets.xcassets in Resources */,
			);
			runOnlyForDeploymentPostprocessing = 0;
		};
		0E9898C329AA3A57007CE6C5 /* Resources */ = {
			isa = PBXResourcesBuildPhase;
			buildActionMask = 2147483647;
			files = (
			);
			runOnlyForDeploymentPostprocessing = 0;
		};
		0E9898CD29AA3A57007CE6C5 /* Resources */ = {
			isa = PBXResourcesBuildPhase;
			buildActionMask = 2147483647;
			files = (
			);
			runOnlyForDeploymentPostprocessing = 0;
		};
/* End PBXResourcesBuildPhase section */

/* Begin PBXSourcesBuildPhase section */
		0E9898B129AA3A55007CE6C5 /* Sources */ = {
			isa = PBXSourcesBuildPhase;
			buildActionMask = 2147483647;
			files = (
				0E9898BB29AA3A55007CE6C5 /* ContentView.swift in Sources */,
				0E9898B929AA3A55007CE6C5 /* DreamzyApp.swift in Sources */,
			);
			runOnlyForDeploymentPostprocessing = 0;
		};
		0E9898C129AA3A57007CE6C5 /* Sources */ = {
			isa = PBXSourcesBuildPhase;
			buildActionMask = 2147483647;
			files = (
				0E9898CA29AA3A57007CE6C5 /* DreamzyTests.swift in Sources */,
			);
			runOnlyForDeploymentPostprocessing = 0;
		};
		0E9898CB29AA3A57007CE6C5 /* Sources */ = {
			isa = PBXSourcesBuildPhase;
			buildActionMask = 2147483647;
			files = (
				0E9898D429AA3A57007CE6C5 /* DreamzyUITests.swift in Sources */,
				0E9898D629AA3A57007CE6C5 /* DreamzyUITestsLaunchTests.swift in Sources */,
			);
			runOnlyForDeploymentPostprocessing = 0;
		};
/* End PBXSourcesBuildPhase section */

/* Begin PBXTargetDependency section */
		0E9898C729AA3A57007CE6C5 /* PBXTargetDependency */ = {
			isa = PBXTargetDependency;
			target = 0E9898B429AA3A55007CE6C5 /* Dreamzy */;
			targetProxy = 0E9898C629AA3A57007CE6C5 /* PBXContainerItemProxy */;
		};
		0E9898D129AA3A57007CE6C5 /* PBXTargetDependency */ = {
			isa = PBXTargetDependency;
			target = 0E9898B429AA3A55007CE6C5 /* Dreamzy */;
			targetProxy = 0E9898D029AA3A57007CE6C5 /* PBXContainerItemProxy */;
		};
/* End PBXTargetDependency section */

/* Begin XCBuildConfiguration section */
		0E9898D729AA3A57007CE6C5 /* Debug */ = {
			isa = XCBuildConfiguration;
			buildSettings = {
				ALWAYS_SEARCH_USER_PATHS = NO;
				CLANG_ANALYZER_NONNULL = YES;
				CLANG_ANALYZER_NUMBER_OBJECT_CONVERSION = YES_AGGRESSIVE;
				CLANG_CXX_LANGUAGE_STANDARD = "gnu++17";
				CLANG_CXX_LIBRARY = "libc++";
				CLANG_ENABLE_MODULES = YES;
				CLANG_ENABLE_OBJC_ARC = YES;
				CLANG_ENABLE_OBJC_WEAK = YES;
				CLANG_WARN_BLOCK_CAPTURE_AUTORELEASING = YES;
				CLANG_WARN_BOOL_CONVERSION = YES;
				CLANG_WARN_COMMA = YES;
				CLANG_WARN_CONSTANT_CONVERSION = YES;
				CLANG_WARN_DEPRECATED_OBJC_IMPLEMENTATIONS = YES;
				CLANG_WARN_DIRECT_OBJC_ISA_USAGE = YES_ERROR;
				CLANG_WARN_DOCUMENTATION_COMMENTS = YES;
				CLANG_WARN_EMPTY_BODY = YES;
				CLANG_WARN_ENUM_CONVERSION = YES;
				CLANG_WARN_INFINITE_RECURSION = YES;
				CLANG_WARN_INT_CONVERSION = YES;
				CLANG_WARN_NON_LITERAL_NULL_CONVERSION = YES;
				CLANG_WARN_OBJC_IMPLICIT_RETAIN_SELF = YES;
				CLANG_WARN_OBJC_LITERAL_CONVERSION = YES;
				CLANG_WARN_OBJC_ROOT_CLASS = YES_ERROR;
				CLANG_WARN_QUOTED_INCLUDE_IN_FRAMEWORK_HEADER = YES;
				CLANG_WARN_RANGE_LOOP_ANALYSIS = YES;
				CLANG_WARN_STRICT_PROTOTYPES = YES;
				CLANG_WARN_SUSPICIOUS_MOVE = YES;
				CLANG_WARN_UNGUARDED_AVAILABILITY = YES_AGGRESSIVE;
				CLANG_WARN_UNREACHABLE_CODE = YES;
				CLANG_WARN__DUPLICATE_METHOD_MATCH = YES;
				COPY_PHASE_STRIP = NO;
				DEBUG_INFORMATION_FORMAT = dwarf;
				ENABLE_STRICT_OBJC_MSGSEND = YES;
				ENABLE_TESTABILITY = YES;
				GCC_C_LANGUAGE_STANDARD = gnu11;
				GCC_DYNAMIC_NO_PIC = NO;
				GCC_NO_COMMON_BLOCKS = YES;
				GCC_OPTIMIZATION_LEVEL = 0;
				GCC_PREPROCESSOR_DEFINITIONS = (
					"DEBUG=1",
					"$(inherited)",
				);
				GCC_WARN_64_TO_32_BIT_CONVERSION = YES;
				GCC_WARN_ABOUT_RETURN_TYPE = YES_ERROR;
				GCC_WARN_UNDECLARED_SELECTOR = YES;
				GCC_WARN_UNINITIALIZED_AUTOS = YES_AGGRESSIVE;
				GCC_WARN_UNUSED_FUNCTION = YES;
				GCC_WARN_UNUSED_VARIABLE = YES;
				IPHONEOS_DEPLOYMENT_TARGET = 15.0;
				MTL_ENABLE_DEBUG_INFO = INCLUDE_SOURCE;
				MTL_FAST_MATH = YES;
				ONLY_ACTIVE_ARCH = YES;
				SDKROOT = iphoneos;
				SWIFT_ACTIVE_COMPILATION_CONDITIONS = DEBUG;
				SWIFT_OPTIMIZATION_LEVEL = "-Onone";
			};
			name = Debug;
		};
		0E9898D829AA3A57007CE6C5 /* Release */ = {
			isa = XCBuildConfiguration;
			buildSettings = {
				ALWAYS_SEARCH_USER_PATHS = NO;
				CLANG_ANALYZER_NONNULL = YES;
				CLANG_ANALYZER_NUMBER_OBJECT_CONVERSION = YES_AGGRESSIVE;
				CLANG_CXX_LANGUAGE_STANDARD = "gnu++17";
				CLANG_CXX_LIBRARY = "libc++";
				CLANG_ENABLE_MODULES = YES;
				CLANG_ENABLE_OBJC_ARC = YES;
				CLANG_ENABLE_OBJC_WEAK = YES;
				CLANG_WARN_BLOCK_CAPTURE_AUTORELEASING = YES;
				CLANG_WARN_BOOL_CONVERSION = YES;
				CLANG_WARN_COMMA = YES;
				CLANG_WARN_CONSTANT_CONVERSION = YES;
				CLANG_WARN_DEPRECATED_OBJC_IMPLEMENTATIONS = YES;
				CLANG_WARN_DIRECT_OBJC_ISA_USAGE = YES_ERROR;
				CLANG_WARN_DOCUMENTATION_COMMENTS = YES;
				CLANG_WARN_EMPTY_BODY = YES;
				CLANG_WARN_ENUM_CONVERSION = YES;
				CLANG_WARN_INFINITE_RECURSION = YES;
				CLANG_WARN_INT_CONVERSION = YES;
				CLANG_WARN_NON_LITERAL_NULL_CONVERSION = YES;
				CLANG_WARN_OBJC_IMPLICIT_RETAIN_SELF = YES;
				CLANG_WARN_OBJC_LITERAL_CONVERSION = YES;
				CLANG_WARN_OBJC_ROOT_CLASS = YES_ERROR;
				CLANG_WARN_QUOTED_INCLUDE_IN_FRAMEWORK_HEADER = YES;
				CLANG_WARN_RANGE_LOOP_ANALYSIS = YES;
				CLANG_WARN_STRICT_PROTOTYPES = YES;
				CLANG_WARN_SUSPICIOUS_MOVE = YES;
				CLANG_WARN_UNGUARDED_AVAILABILITY = YES_AGGRESSIVE;
				CLANG_WARN_UNREACHABLE_CODE = YES;
				CLANG_WARN__DUPLICATE_METHOD_MATCH = YES;
				COPY_PHASE_STRIP = NO;
				DEBUG_INFORMATION_FORMAT = "dwarf-with-dsym";
				ENABLE_NS_ASSERTIONS = NO;
				ENABLE_STRICT_OBJC_MSGSEND = YES;
				GCC_C_LANGUAGE_STANDARD = gnu11;
				GCC_NO_COMMON_BLOCKS = YES;
				GCC_WARN_64_TO_32_BIT_CONVERSION = YES;
				GCC_WARN_ABOUT_RETURN_TYPE = YES_ERROR;
				GCC_WARN_UNDECLARED_SELECTOR = YES;
				GCC_WARN_UNINITIALIZED_AUTOS = YES_AGGRESSIVE;
				GCC_WARN_UNUSED_FUNCTION = YES;
				GCC_WARN_UNUSED_VARIABLE = YES;
				IPHONEOS_DEPLOYMENT_TARGET = 15.0;
				MTL_ENABLE_DEBUG_INFO = NO;
				MTL_FAST_MATH = YES;
				SDKROOT = iphoneos;
				SWIFT_COMPILATION_MODE = wholemodule;
				SWIFT_OPTIMIZATION_LEVEL = "-O";
				VALIDATE_PRODUCT = YES;
			};
			name = Release;
		};
		0E9898DA29AA3A57007CE6C5 /* Debug */ = {
			isa = XCBuildConfiguration;
			buildSettings = {
				ASSETCATALOG_COMPILER_APPICON_NAME = AppIcon;
				ASSETCATALOG_COMPILER_GLOBAL_ACCENT_COLOR_NAME = AccentColor;
				CODE_SIGN_STYLE = Automatic;
				CURRENT_PROJECT_VERSION = 1;
				DEVELOPMENT_ASSET_PATHS = "\"Dreamzy/Preview Content\"";
				DEVELOPMENT_TEAM = S2JWFP3VS7;
				ENABLE_PREVIEWS = YES;
				GENERATE_INFOPLIST_FILE = YES;
				INFOPLIST_KEY_UIApplicationSceneManifest_Generation = YES;
				INFOPLIST_KEY_UIApplicationSupportsIndirectInputEvents = YES;
				INFOPLIST_KEY_UILaunchScreen_Generation = YES;
				INFOPLIST_KEY_UISupportedInterfaceOrientations_iPad = "UIInterfaceOrientationPortrait UIInterfaceOrientationPortraitUpsideDown UIInterfaceOrientationLandscapeLeft UIInterfaceOrientationLandscapeRight";
				INFOPLIST_KEY_UISupportedInterfaceOrientations_iPhone = "UIInterfaceOrientationPortrait UIInterfaceOrientationLandscapeLeft UIInterfaceOrientationLandscapeRight";
				LD_RUNPATH_SEARCH_PATHS = (
					"$(inherited)",
					"@executable_path/Frameworks",
				);
				MARKETING_VERSION = 1.0;
				PRODUCT_BUNDLE_IDENTIFIER = com.icloud.Dreamzy;
				PRODUCT_NAME = "$(TARGET_NAME)";
				SWIFT_EMIT_LOC_STRINGS = YES;
				SWIFT_VERSION = 5.0;
				TARGETED_DEVICE_FAMILY = "1,2";
			};
			name = Debug;
		};
		0E9898DB29AA3A57007CE6C5 /* Release */ = {
			isa = XCBuildConfiguration;
			buildSettings = {
				ASSETCATALOG_COMPILER_APPICON_NAME = AppIcon;
				ASSETCATALOG_COMPILER_GLOBAL_ACCENT_COLOR_NAME = AccentColor;
				CODE_SIGN_STYLE = Automatic;
				CURRENT_PROJECT_VERSION = 1;
				DEVELOPMENT_ASSET_PATHS = "\"Dreamzy/Preview Content\"";
				DEVELOPMENT_TEAM = S2JWFP3VS7;
				ENABLE_PREVIEWS = YES;
				GENERATE_INFOPLIST_FILE = YES;
				INFOPLIST_KEY_UIApplicationSceneManifest_Generation = YES;
				INFOPLIST_KEY_UIApplicationSupportsIndirectInputEvents = YES;
				INFOPLIST_KEY_UILaunchScreen_Generation = YES;
				INFOPLIST_KEY_UISupportedInterfaceOrientations_iPad = "UIInterfaceOrientationPortrait UIInterfaceOrientationPortraitUpsideDown UIInterfaceOrientationLandscapeLeft UIInterfaceOrientationLandscapeRight";
				INFOPLIST_KEY_UISupportedInterfaceOrientations_iPhone = "UIInterfaceOrientationPortrait UIInterfaceOrientationLandscapeLeft UIInterfaceOrientationLandscapeRight";
				LD_RUNPATH_SEARCH_PATHS = (
					"$(inherited)",
					"@executable_path/Frameworks",
				);
				MARKETING_VERSION = 1.0;
				PRODUCT_BUNDLE_IDENTIFIER = com.icloud.Dreamzy;
				PRODUCT_NAME = "$(TARGET_NAME)";
				SWIFT_EMIT_LOC_STRINGS = YES;
				SWIFT_VERSION = 5.0;
				TARGETED_DEVICE_FAMILY = "1,2";
			};
			name = Release;
		};
		0E9898DD29AA3A57007CE6C5 /* Debug */ = {
			isa = XCBuildConfiguration;
			buildSettings = {
				ALWAYS_EMBED_SWIFT_STANDARD_LIBRARIES = YES;
				BUNDLE_LOADER = "$(TEST_HOST)";
				CODE_SIGN_STYLE = Automatic;
				CURRENT_PROJECT_VERSION = 1;
				DEVELOPMENT_TEAM = S2JWFP3VS7;
				GENERATE_INFOPLIST_FILE = YES;
				IPHONEOS_DEPLOYMENT_TARGET = 15.0;
				LD_RUNPATH_SEARCH_PATHS = (
					"$(inherited)",
					"@executable_path/Frameworks",
					"@loader_path/Frameworks",
				);
				MARKETING_VERSION = 1.0;
				PRODUCT_BUNDLE_IDENTIFIER = com.icloud.DreamzyTests;
				PRODUCT_NAME = "$(TARGET_NAME)";
				SWIFT_EMIT_LOC_STRINGS = NO;
				SWIFT_VERSION = 5.0;
				TARGETED_DEVICE_FAMILY = "1,2";
				TEST_HOST = "$(BUILT_PRODUCTS_DIR)/Dreamzy.app/Dreamzy";
			};
			name = Debug;
		};
		0E9898DE29AA3A57007CE6C5 /* Release */ = {
			isa = XCBuildConfiguration;
			buildSettings = {
				ALWAYS_EMBED_SWIFT_STANDARD_LIBRARIES = YES;
				BUNDLE_LOADER = "$(TEST_HOST)";
				CODE_SIGN_STYLE = Automatic;
				CURRENT_PROJECT_VERSION = 1;
				DEVELOPMENT_TEAM = S2JWFP3VS7;
				GENERATE_INFOPLIST_FILE = YES;
				IPHONEOS_DEPLOYMENT_TARGET = 15.0;
				LD_RUNPATH_SEARCH_PATHS = (
					"$(inherited)",
					"@executable_path/Frameworks",
					"@loader_path/Frameworks",
				);
				MARKETING_VERSION = 1.0;
				PRODUCT_BUNDLE_IDENTIFIER = com.icloud.DreamzyTests;
				PRODUCT_NAME = "$(TARGET_NAME)";
				SWIFT_EMIT_LOC_STRINGS = NO;
				SWIFT_VERSION = 5.0;
				TARGETED_DEVICE_FAMILY = "1,2";
				TEST_HOST = "$(BUILT_PRODUCTS_DIR)/Dreamzy.app/Dreamzy";
			};
			name = Release;
		};
		0E9898E029AA3A57007CE6C5 /* Debug */ = {
			isa = XCBuildConfiguration;
			buildSettings = {
				ALWAYS_EMBED_SWIFT_STANDARD_LIBRARIES = YES;
				CODE_SIGN_STYLE = Automatic;
				CURRENT_PROJECT_VERSION = 1;
				DEVELOPMENT_TEAM = S2JWFP3VS7;
				GENERATE_INFOPLIST_FILE = YES;
				LD_RUNPATH_SEARCH_PATHS = (
					"$(inherited)",
					"@executable_path/Frameworks",
					"@loader_path/Frameworks",
				);
				MARKETING_VERSION = 1.0;
				PRODUCT_BUNDLE_IDENTIFIER = com.icloud.DreamzyUITests;
				PRODUCT_NAME = "$(TARGET_NAME)";
				SWIFT_EMIT_LOC_STRINGS = NO;
				SWIFT_VERSION = 5.0;
				TARGETED_DEVICE_FAMILY = "1,2";
				TEST_TARGET_NAME = Dreamzy;
			};
			name = Debug;
		};
		0E9898E129AA3A57007CE6C5 /* Release */ = {
			isa = XCBuildConfiguration;
			buildSettings = {
				ALWAYS_EMBED_SWIFT_STANDARD_LIBRARIES = YES;
				CODE_SIGN_STYLE = Automatic;
				CURRENT_PROJECT_VERSION = 1;
				DEVELOPMENT_TEAM = S2JWFP3VS7;
				GENERATE_INFOPLIST_FILE = YES;
				LD_RUNPATH_SEARCH_PATHS = (
					"$(inherited)",
					"@executable_path/Frameworks",
					"@loader_path/Frameworks",
				);
				MARKETING_VERSION = 1.0;
				PRODUCT_BUNDLE_IDENTIFIER = com.icloud.DreamzyUITests;
				PRODUCT_NAME = "$(TARGET_NAME)";
				SWIFT_EMIT_LOC_STRINGS = NO;
				SWIFT_VERSION = 5.0;
				TARGETED_DEVICE_FAMILY = "1,2";
				TEST_TARGET_NAME = Dreamzy;
			};
			name = Release;
		};
/* End XCBuildConfiguration section */

/* Begin XCConfigurationList section */
		0E9898B029AA3A55007CE6C5 /* Build configuration list for PBXProject "Dreamzy" */ = {
			isa = XCConfigurationList;
			buildConfigurations = (
				0E9898D729AA3A57007CE6C5 /* Debug */,
				0E9898D829AA3A57007CE6C5 /* Release */,
			);
			defaultConfigurationIsVisible = 0;
			defaultConfigurationName = Release;
		};
		0E9898D929AA3A57007CE6C5 /* Build configuration list for PBXNativeTarget "Dreamzy" */ = {
			isa = XCConfigurationList;
			buildConfigurations = (
				0E9898DA29AA3A57007CE6C5 /* Debug */,
				0E9898DB29AA3A57007CE6C5 /* Release */,
			);
			defaultConfigurationIsVisible = 0;
			defaultConfigurationName = Release;
		};
		0E9898DC29AA3A57007CE6C5 /* Build configuration list for PBXNativeTarget "DreamzyTests" */ = {
			isa = XCConfigurationList;
			buildConfigurations = (
				0E9898DD29AA3A57007CE6C5 /* Debug */,
				0E9898DE29AA3A57007CE6C5 /* Release */,
			);
			defaultConfigurationIsVisible = 0;
			defaultConfigurationName = Release;
		};
		0E9898DF29AA3A57007CE6C5 /* Build configuration list for PBXNativeTarget "DreamzyUITests" */ = {
			isa = XCConfigurationList;
			buildConfigurations = (
				0E9898E029AA3A57007CE6C5 /* Debug */,
				0E9898E129AA3A57007CE6C5 /* Release */,
			);
			defaultConfigurationIsVisible = 0;
			defaultConfigurationName = Release;
		};
/* End XCConfigurationList section */
	};
	rootObject = 0E9898AD29AA3A55007CE6C5 /* Project object */;
}
